
Microsoft Visual Studio Solution File, Format Version 12.00
# Visual Studio Version 17
VisualStudioVersion = 17.3.32819.101
MinimumVisualStudioVersion = 10.0.40219.1
Project("{9A19103F-16F7-4668-BE54-9A1E7A4F7556}") = "DesignPatterns.Singleton", "DesignPatterns.Singleton\DesignPatterns.Singleton.csproj", "{5ADEECCC-2A21-41F7-9584-216E9F07ACE4}"
EndProject
Project("{9A19103F-16F7-4668-BE54-9A1E7A4F7556}") = "DesignPatterns.Client", "DesignPatterns.Client\DesignPatterns.Client.csproj", "{C21B07E1-9606-4F90-8F35-279FABBCB3B6}"
EndProject
Project("{9A19103F-16F7-4668-BE54-9A1E7A4F7556}") = "DesignPatterns.Tests", "DesignPatterns.Tests\DesignPatterns.Tests.csproj", "{006789C4-A429-4829-8B50-E311905A29D1}"
EndProject
Project("{9A19103F-16F7-4668-BE54-9A1E7A4F7556}") = "DesignPatterns.Prototype", "DesignPatterns.Prototype\DesignPatterns.Prototype.csproj", "{1E041951-B1F7-4B0D-8689-335EB1688796}"
EndProject
Project("{9A19103F-16F7-4668-BE54-9A1E7A4F7556}") = "DesignPatterns.Builder", "DesignPatterns.Builder\DesignPatterns.Builder.csproj", "{D561F3E2-94C8-48AD-A553-B7526B462B4A}"
EndProject
Project("{9A19103F-16F7-4668-BE54-9A1E7A4F7556}") = "DesignPatterns.Momento", "DesignPatterns.Momento\DesignPatterns.Momento.csproj", "{DF60B945-ABBB-40BC-8D7E-CA45DC4BC7BE}"
EndProject
Project("{9A19103F-16F7-4668-BE54-9A1E7A4F7556}") = "DesignPatterns.State", "DesignPatterns.State\DesignPatterns.State.csproj", "{EB4C6E2A-CECE-4FB5-92E8-939A25728A67}"
EndProject
Project("{9A19103F-16F7-4668-BE54-9A1E7A4F7556}") = "DesignPatterns.Iterator", "DesignPatterns.Iterator\DesignPatterns.Iterator.csproj", "{836B9404-6958-48FE-B6F5-072363A3D26C}"
EndProject
Project("{9A19103F-16F7-4668-BE54-9A1E7A4F7556}") = "DesignPatterns.Strategy", "DesignPatterns.Strategy\DesignPatterns.Strategy.csproj", "{238BDFA4-F5B0-4794-BA2D-45357B30EAE9}"
EndProject
Project("{FAE04EC0-301F-11D3-BF4B-00C04F79EFBC}") = "DesignPatterns.Template", "DesignPatterns.Template\DesignPatterns.Template.csproj", "{68F1C35F-BAEC-47E2-87C3-1AAC01083540}"
EndProject
Global
	GlobalSection(SolutionConfigurationPlatforms) = preSolution
		Debug|Any CPU = Debug|Any CPU
		Release|Any CPU = Release|Any CPU
	EndGlobalSection
	GlobalSection(ProjectConfigurationPlatforms) = postSolution
		{5ADEECCC-2A21-41F7-9584-216E9F07ACE4}.Debug|Any CPU.ActiveCfg = Debug|Any CPU
		{5ADEECCC-2A21-41F7-9584-216E9F07ACE4}.Debug|Any CPU.Build.0 = Debug|Any CPU
		{5ADEECCC-2A21-41F7-9584-216E9F07ACE4}.Release|Any CPU.ActiveCfg = Release|Any CPU
		{5ADEECCC-2A21-41F7-9584-216E9F07ACE4}.Release|Any CPU.Build.0 = Release|Any CPU
		{C21B07E1-9606-4F90-8F35-279FABBCB3B6}.Debug|Any CPU.ActiveCfg = Debug|Any CPU
		{C21B07E1-9606-4F90-8F35-279FABBCB3B6}.Debug|Any CPU.Build.0 = Debug|Any CPU
		{C21B07E1-9606-4F90-8F35-279FABBCB3B6}.Release|Any CPU.ActiveCfg = Release|Any CPU
		{C21B07E1-9606-4F90-8F35-279FABBCB3B6}.Release|Any CPU.Build.0 = Release|Any CPU
		{006789C4-A429-4829-8B50-E311905A29D1}.Debug|Any CPU.ActiveCfg = Debug|Any CPU
		{006789C4-A429-4829-8B50-E311905A29D1}.Debug|Any CPU.Build.0 = Debug|Any CPU
		{006789C4-A429-4829-8B50-E311905A29D1}.Release|Any CPU.ActiveCfg = Release|Any CPU
		{006789C4-A429-4829-8B50-E311905A29D1}.Release|Any CPU.Build.0 = Release|Any CPU
		{1E041951-B1F7-4B0D-8689-335EB1688796}.Debug|Any CPU.ActiveCfg = Debug|Any CPU
		{1E041951-B1F7-4B0D-8689-335EB1688796}.Debug|Any CPU.Build.0 = Debug|Any CPU
		{1E041951-B1F7-4B0D-8689-335EB1688796}.Release|Any CPU.ActiveCfg = Release|Any CPU
		{1E041951-B1F7-4B0D-8689-335EB1688796}.Release|Any CPU.Build.0 = Release|Any CPU
		{D561F3E2-94C8-48AD-A553-B7526B462B4A}.Debug|Any CPU.ActiveCfg = Debug|Any CPU
		{D561F3E2-94C8-48AD-A553-B7526B462B4A}.Debug|Any CPU.Build.0 = Debug|Any CPU
		{D561F3E2-94C8-48AD-A553-B7526B462B4A}.Release|Any CPU.ActiveCfg = Release|Any CPU
		{D561F3E2-94C8-48AD-A553-B7526B462B4A}.Release|Any CPU.Build.0 = Release|Any CPU
		{DF60B945-ABBB-40BC-8D7E-CA45DC4BC7BE}.Debug|Any CPU.ActiveCfg = Debug|Any CPU
		{DF60B945-ABBB-40BC-8D7E-CA45DC4BC7BE}.Debug|Any CPU.Build.0 = Debug|Any CPU
		{DF60B945-ABBB-40BC-8D7E-CA45DC4BC7BE}.Release|Any CPU.ActiveCfg = Release|Any CPU
		{DF60B945-ABBB-40BC-8D7E-CA45DC4BC7BE}.Release|Any CPU.Build.0 = Release|Any CPU
		{EB4C6E2A-CECE-4FB5-92E8-939A25728A67}.Debug|Any CPU.ActiveCfg = Debug|Any CPU
		{EB4C6E2A-CECE-4FB5-92E8-939A25728A67}.Debug|Any CPU.Build.0 = Debug|Any CPU
		{EB4C6E2A-CECE-4FB5-92E8-939A25728A67}.Release|Any CPU.ActiveCfg = Release|Any CPU
		{EB4C6E2A-CECE-4FB5-92E8-939A25728A67}.Release|Any CPU.Build.0 = Release|Any CPU
		{836B9404-6958-48FE-B6F5-072363A3D26C}.Debug|Any CPU.ActiveCfg = Debug|Any CPU
		{836B9404-6958-48FE-B6F5-072363A3D26C}.Debug|Any CPU.Build.0 = Debug|Any CPU
		{836B9404-6958-48FE-B6F5-072363A3D26C}.Release|Any CPU.ActiveCfg = Release|Any CPU
		{836B9404-6958-48FE-B6F5-072363A3D26C}.Release|Any CPU.Build.0 = Release|Any CPU
		{238BDFA4-F5B0-4794-BA2D-45357B30EAE9}.Debug|Any CPU.ActiveCfg = Debug|Any CPU
		{238BDFA4-F5B0-4794-BA2D-45357B30EAE9}.Debug|Any CPU.Build.0 = Debug|Any CPU
		{238BDFA4-F5B0-4794-BA2D-45357B30EAE9}.Release|Any CPU.ActiveCfg = Release|Any CPU
		{238BDFA4-F5B0-4794-BA2D-45357B30EAE9}.Release|Any CPU.Build.0 = Release|Any CPU
		{68F1C35F-BAEC-47E2-87C3-1AAC01083540}.Debug|Any CPU.ActiveCfg = Debug|Any CPU
		{68F1C35F-BAEC-47E2-87C3-1AAC01083540}.Debug|Any CPU.Build.0 = Debug|Any CPU
		{68F1C35F-BAEC-47E2-87C3-1AAC01083540}.Release|Any CPU.ActiveCfg = Release|Any CPU
		{68F1C35F-BAEC-47E2-87C3-1AAC01083540}.Release|Any CPU.Build.0 = Release|Any CPU
	EndGlobalSection
	GlobalSection(SolutionProperties) = preSolution
		HideSolutionNode = FALSE
	EndGlobalSection
	GlobalSection(ExtensibilityGlobals) = postSolution
		SolutionGuid = {767FF449-E4D0-40EF-9D6C-1D82E8510BE9}
	EndGlobalSection
EndGlobal
