
Microsoft Visual Studio Solution File, Format Version 12.00
# Visual Studio Version 17
VisualStudioVersion = 17.3.32819.101
MinimumVisualStudioVersion = 10.0.40219.1
Project("{9A19103F-16F7-4668-BE54-9A1E7A4F7556}") = "DesignPatterns.Singleton", "DesignPatterns.Singleton\DesignPatterns.Singleton.csproj", "{5ADEECCC-2A21-41F7-9584-216E9F07ACE4}"
EndProject
Project("{9A19103F-16F7-4668-BE54-9A1E7A4F7556}") = "DesignPatterns.Client", "DesignPatterns.Client\DesignPatterns.Client.csproj", "{C21B07E1-9606-4F90-8F35-279FABBCB3B6}"
EndProject
Project("{9A19103F-16F7-4668-BE54-9A1E7A4F7556}") = "DesignPatterns.Tests", "DesignPatterns.Tests\DesignPatterns.Tests.csproj", "{006789C4-A429-4829-8B50-E311905A29D1}"
EndProject
Project("{9A19103F-16F7-4668-BE54-9A1E7A4F7556}") = "DesignPatterns.Prototype", "DesignPatterns.Prototype\DesignPatterns.Prototype.csproj", "{1E041951-B1F7-4B0D-8689-335EB1688796}"
EndProject
Project("{9A19103F-16F7-4668-BE54-9A1E7A4F7556}") = "DesignPatterns.Builder", "DesignPatterns.Builder\DesignPatterns.Builder.csproj", "{D561F3E2-94C8-48AD-A553-B7526B462B4A}"
EndProject
Project("{9A19103F-16F7-4668-BE54-9A1E7A4F7556}") = "DesignPatterns.Momento", "DesignPatterns.Momento\DesignPatterns.Momento.csproj", "{DF60B945-ABBB-40BC-8D7E-CA45DC4BC7BE}"
EndProject
Project("{9A19103F-16F7-4668-BE54-9A1E7A4F7556}") = "DesignPatterns.State", "DesignPatterns.State\DesignPatterns.State.csproj", "{EB4C6E2A-CECE-4FB5-92E8-939A25728A67}"
EndProject
Project("{9A19103F-16F7-4668-BE54-9A1E7A4F7556}") = "DesignPatterns.Iterator", "DesignPatterns.Iterator\DesignPatterns.Iterator.csproj", "{836B9404-6958-48FE-B6F5-072363A3D26C}"
EndProject
Project("{9A19103F-16F7-4668-BE54-9A1E7A4F7556}") = "DesignPatterns.Strategy", "DesignPatterns.Strategy\DesignPatterns.Strategy.csproj", "{238BDFA4-F5B0-4794-BA2D-45357B30EAE9}"
EndProject
Project("{9A19103F-16F7-4668-BE54-9A1E7A4F7556}") = "DesignPatterns.Template", "DesignPatterns.Template\DesignPatterns.Template.csproj", "{68F1C35F-BAEC-47E2-87C3-1AAC01083540}"
EndProject
Project("{9A19103F-16F7-4668-BE54-9A1E7A4F7556}") = "DesignPatterns.Command", "DesignPatterns.Command\DesignPatterns.Command.csproj", "{D4680C91-968A-46A1-BEF1-79D9098F52D5}"
EndProject
Project("{9A19103F-16F7-4668-BE54-9A1E7A4F7556}") = "DesignPatterns.Observer", "DesignPatterns.Observer\DesignPatterns.Observer.csproj", "{70992BDA-28C0-45E4-8269-8A393F64B1A2}"
EndProject
Project("{2150E333-8FDC-42A3-9474-1A3956D46DE8}") = "CreationalPatterns", "CreationalPatterns", "{044F97C6-18C6-43D8-9918-FEA628A75BEA}"
EndProject
Project("{9A19103F-16F7-4668-BE54-9A1E7A4F7556}") = "DesignPatterns.Mediator", "DesignPatterns.Mediator\DesignPatterns.Mediator.csproj", "{C57E526A-8F76-442A-96CA-3787704EC53A}"
EndProject
Project("{9A19103F-16F7-4668-BE54-9A1E7A4F7556}") = "DesignPatterns.Visitor", "DesignPatterns.Visitor\DesignPatterns.Visitor.csproj", "{44DB43AC-8908-418B-AC6D-CE1CCF1EBA70}"
EndProject
Project("{9A19103F-16F7-4668-BE54-9A1E7A4F7556}") = "DesignPatterns.ChainOfResponsibility", "DesignPatterns.ChainOfResponsibility\DesignPatterns.ChainOfResponsibility.csproj", "{0F4F35BC-4580-465A-A8E3-E223202F00DA}"
EndProject
Project("{2150E333-8FDC-42A3-9474-1A3956D46DE8}") = "BehaviouralPatterns", "BehaviouralPatterns", "{FCAE8EBA-9804-45B4-ABEC-25ECD5533DD9}"
EndProject
Project("{2150E333-8FDC-42A3-9474-1A3956D46DE8}") = "StructuralPatterns", "StructuralPatterns", "{5471CCD6-0651-4D8F-81BA-DA053E89627F}"
EndProject
Project("{9A19103F-16F7-4668-BE54-9A1E7A4F7556}") = "DesignPatterns.Composite", "DesignPatterns.Composite\DesignPatterns.Composite.csproj", "{4B6658D7-CED6-4147-819D-BEE04E3C3A81}"
EndProject
Project("{9A19103F-16F7-4668-BE54-9A1E7A4F7556}") = "DesignPatterns.Decorator", "DesignPatterns.Decorator\DesignPatterns.Decorator.csproj", "{318FEE6E-421B-431B-8AAF-17ADB465C30B}"
EndProject
Project("{9A19103F-16F7-4668-BE54-9A1E7A4F7556}") = "DesignPatterns.Facade", "DesignPatterns.Facade\DesignPatterns.Facade.csproj", "{24381887-174D-4B55-9C89-E11FF8CD3393}"
EndProject
Project("{9A19103F-16F7-4668-BE54-9A1E7A4F7556}") = "DesignPatterns.Adapter", "DesignPatterns.Adapter\DesignPatterns.Adapter.csproj", "{6195A7DD-D0DD-42C7-9ED1-0858C14289BB}"
EndProject
Project("{9A19103F-16F7-4668-BE54-9A1E7A4F7556}") = "DesignPatterns.Flyweight", "DesignPatterns.Flyweight\DesignPatterns.Flyweight.csproj", "{E08A00CC-8810-47B9-8EF6-BE81C4C6F034}"
EndProject
Project("{9A19103F-16F7-4668-BE54-9A1E7A4F7556}") = "DesignPatterns.Bridge", "DesignPatterns.Bridge\DesignPatterns.Bridge.csproj", "{C7C51965-8EB5-4B84-BAC9-07EF056AF2B0}"
EndProject
Project("{9A19103F-16F7-4668-BE54-9A1E7A4F7556}") = "DesignPatterns.Proxy", "DesignPatterns.Proxy\DesignPatterns.Proxy.csproj", "{9D42507F-8979-4069-B540-4DF05C6265EC}"
EndProject
Project("{FAE04EC0-301F-11D3-BF4B-00C04F79EFBC}") = "DesignPatterns.Factory", "DesignPatterns.Factory\DesignPatterns.Factory.csproj", "{3187DC98-DEEC-47FD-818E-FF2A2DC542AA}"
EndProject
Project("{FAE04EC0-301F-11D3-BF4B-00C04F79EFBC}") = "DesignPatterns.AbstractFactory", "DesignPatterns.AbstractFactory\DesignPatterns.AbstractFactory.csproj", "{3F5F1C4D-3325-4C57-98F9-E29CE96C5AD2}"
EndProject
Global
	GlobalSection(SolutionConfigurationPlatforms) = preSolution
		Debug|Any CPU = Debug|Any CPU
		Release|Any CPU = Release|Any CPU
	EndGlobalSection
	GlobalSection(ProjectConfigurationPlatforms) = postSolution
		{5ADEECCC-2A21-41F7-9584-216E9F07ACE4}.Debug|Any CPU.ActiveCfg = Debug|Any CPU
		{5ADEECCC-2A21-41F7-9584-216E9F07ACE4}.Debug|Any CPU.Build.0 = Debug|Any CPU
		{5ADEECCC-2A21-41F7-9584-216E9F07ACE4}.Release|Any CPU.ActiveCfg = Release|Any CPU
		{5ADEECCC-2A21-41F7-9584-216E9F07ACE4}.Release|Any CPU.Build.0 = Release|Any CPU
		{C21B07E1-9606-4F90-8F35-279FABBCB3B6}.Debug|Any CPU.ActiveCfg = Debug|Any CPU
		{C21B07E1-9606-4F90-8F35-279FABBCB3B6}.Debug|Any CPU.Build.0 = Debug|Any CPU
		{C21B07E1-9606-4F90-8F35-279FABBCB3B6}.Release|Any CPU.ActiveCfg = Release|Any CPU
		{C21B07E1-9606-4F90-8F35-279FABBCB3B6}.Release|Any CPU.Build.0 = Release|Any CPU
		{006789C4-A429-4829-8B50-E311905A29D1}.Debug|Any CPU.ActiveCfg = Debug|Any CPU
		{006789C4-A429-4829-8B50-E311905A29D1}.Debug|Any CPU.Build.0 = Debug|Any CPU
		{006789C4-A429-4829-8B50-E311905A29D1}.Release|Any CPU.ActiveCfg = Release|Any CPU
		{006789C4-A429-4829-8B50-E311905A29D1}.Release|Any CPU.Build.0 = Release|Any CPU
		{1E041951-B1F7-4B0D-8689-335EB1688796}.Debug|Any CPU.ActiveCfg = Debug|Any CPU
		{1E041951-B1F7-4B0D-8689-335EB1688796}.Debug|Any CPU.Build.0 = Debug|Any CPU
		{1E041951-B1F7-4B0D-8689-335EB1688796}.Release|Any CPU.ActiveCfg = Release|Any CPU
		{1E041951-B1F7-4B0D-8689-335EB1688796}.Release|Any CPU.Build.0 = Release|Any CPU
		{D561F3E2-94C8-48AD-A553-B7526B462B4A}.Debug|Any CPU.ActiveCfg = Debug|Any CPU
		{D561F3E2-94C8-48AD-A553-B7526B462B4A}.Debug|Any CPU.Build.0 = Debug|Any CPU
		{D561F3E2-94C8-48AD-A553-B7526B462B4A}.Release|Any CPU.ActiveCfg = Release|Any CPU
		{D561F3E2-94C8-48AD-A553-B7526B462B4A}.Release|Any CPU.Build.0 = Release|Any CPU
		{DF60B945-ABBB-40BC-8D7E-CA45DC4BC7BE}.Debug|Any CPU.ActiveCfg = Debug|Any CPU
		{DF60B945-ABBB-40BC-8D7E-CA45DC4BC7BE}.Debug|Any CPU.Build.0 = Debug|Any CPU
		{DF60B945-ABBB-40BC-8D7E-CA45DC4BC7BE}.Release|Any CPU.ActiveCfg = Release|Any CPU
		{DF60B945-ABBB-40BC-8D7E-CA45DC4BC7BE}.Release|Any CPU.Build.0 = Release|Any CPU
		{EB4C6E2A-CECE-4FB5-92E8-939A25728A67}.Debug|Any CPU.ActiveCfg = Debug|Any CPU
		{EB4C6E2A-CECE-4FB5-92E8-939A25728A67}.Debug|Any CPU.Build.0 = Debug|Any CPU
		{EB4C6E2A-CECE-4FB5-92E8-939A25728A67}.Release|Any CPU.ActiveCfg = Release|Any CPU
		{EB4C6E2A-CECE-4FB5-92E8-939A25728A67}.Release|Any CPU.Build.0 = Release|Any CPU
		{836B9404-6958-48FE-B6F5-072363A3D26C}.Debug|Any CPU.ActiveCfg = Debug|Any CPU
		{836B9404-6958-48FE-B6F5-072363A3D26C}.Debug|Any CPU.Build.0 = Debug|Any CPU
		{836B9404-6958-48FE-B6F5-072363A3D26C}.Release|Any CPU.ActiveCfg = Release|Any CPU
		{836B9404-6958-48FE-B6F5-072363A3D26C}.Release|Any CPU.Build.0 = Release|Any CPU
		{238BDFA4-F5B0-4794-BA2D-45357B30EAE9}.Debug|Any CPU.ActiveCfg = Debug|Any CPU
		{238BDFA4-F5B0-4794-BA2D-45357B30EAE9}.Debug|Any CPU.Build.0 = Debug|Any CPU
		{238BDFA4-F5B0-4794-BA2D-45357B30EAE9}.Release|Any CPU.ActiveCfg = Release|Any CPU
		{238BDFA4-F5B0-4794-BA2D-45357B30EAE9}.Release|Any CPU.Build.0 = Release|Any CPU
		{68F1C35F-BAEC-47E2-87C3-1AAC01083540}.Debug|Any CPU.ActiveCfg = Debug|Any CPU
		{68F1C35F-BAEC-47E2-87C3-1AAC01083540}.Debug|Any CPU.Build.0 = Debug|Any CPU
		{68F1C35F-BAEC-47E2-87C3-1AAC01083540}.Release|Any CPU.ActiveCfg = Release|Any CPU
		{68F1C35F-BAEC-47E2-87C3-1AAC01083540}.Release|Any CPU.Build.0 = Release|Any CPU
		{D4680C91-968A-46A1-BEF1-79D9098F52D5}.Debug|Any CPU.ActiveCfg = Debug|Any CPU
		{D4680C91-968A-46A1-BEF1-79D9098F52D5}.Debug|Any CPU.Build.0 = Debug|Any CPU
		{D4680C91-968A-46A1-BEF1-79D9098F52D5}.Release|Any CPU.ActiveCfg = Release|Any CPU
		{D4680C91-968A-46A1-BEF1-79D9098F52D5}.Release|Any CPU.Build.0 = Release|Any CPU
		{70992BDA-28C0-45E4-8269-8A393F64B1A2}.Debug|Any CPU.ActiveCfg = Debug|Any CPU
		{70992BDA-28C0-45E4-8269-8A393F64B1A2}.Debug|Any CPU.Build.0 = Debug|Any CPU
		{70992BDA-28C0-45E4-8269-8A393F64B1A2}.Release|Any CPU.ActiveCfg = Release|Any CPU
		{70992BDA-28C0-45E4-8269-8A393F64B1A2}.Release|Any CPU.Build.0 = Release|Any CPU
		{C57E526A-8F76-442A-96CA-3787704EC53A}.Debug|Any CPU.ActiveCfg = Debug|Any CPU
		{C57E526A-8F76-442A-96CA-3787704EC53A}.Debug|Any CPU.Build.0 = Debug|Any CPU
		{C57E526A-8F76-442A-96CA-3787704EC53A}.Release|Any CPU.ActiveCfg = Release|Any CPU
		{C57E526A-8F76-442A-96CA-3787704EC53A}.Release|Any CPU.Build.0 = Release|Any CPU
		{44DB43AC-8908-418B-AC6D-CE1CCF1EBA70}.Debug|Any CPU.ActiveCfg = Debug|Any CPU
		{44DB43AC-8908-418B-AC6D-CE1CCF1EBA70}.Debug|Any CPU.Build.0 = Debug|Any CPU
		{44DB43AC-8908-418B-AC6D-CE1CCF1EBA70}.Release|Any CPU.ActiveCfg = Release|Any CPU
		{44DB43AC-8908-418B-AC6D-CE1CCF1EBA70}.Release|Any CPU.Build.0 = Release|Any CPU
		{0F4F35BC-4580-465A-A8E3-E223202F00DA}.Debug|Any CPU.ActiveCfg = Debug|Any CPU
		{0F4F35BC-4580-465A-A8E3-E223202F00DA}.Debug|Any CPU.Build.0 = Debug|Any CPU
		{0F4F35BC-4580-465A-A8E3-E223202F00DA}.Release|Any CPU.ActiveCfg = Release|Any CPU
		{0F4F35BC-4580-465A-A8E3-E223202F00DA}.Release|Any CPU.Build.0 = Release|Any CPU
		{4B6658D7-CED6-4147-819D-BEE04E3C3A81}.Debug|Any CPU.ActiveCfg = Debug|Any CPU
		{4B6658D7-CED6-4147-819D-BEE04E3C3A81}.Debug|Any CPU.Build.0 = Debug|Any CPU
		{4B6658D7-CED6-4147-819D-BEE04E3C3A81}.Release|Any CPU.ActiveCfg = Release|Any CPU
		{4B6658D7-CED6-4147-819D-BEE04E3C3A81}.Release|Any CPU.Build.0 = Release|Any CPU
		{318FEE6E-421B-431B-8AAF-17ADB465C30B}.Debug|Any CPU.ActiveCfg = Debug|Any CPU
		{318FEE6E-421B-431B-8AAF-17ADB465C30B}.Debug|Any CPU.Build.0 = Debug|Any CPU
		{318FEE6E-421B-431B-8AAF-17ADB465C30B}.Release|Any CPU.ActiveCfg = Release|Any CPU
		{318FEE6E-421B-431B-8AAF-17ADB465C30B}.Release|Any CPU.Build.0 = Release|Any CPU
		{24381887-174D-4B55-9C89-E11FF8CD3393}.Debug|Any CPU.ActiveCfg = Debug|Any CPU
		{24381887-174D-4B55-9C89-E11FF8CD3393}.Debug|Any CPU.Build.0 = Debug|Any CPU
		{24381887-174D-4B55-9C89-E11FF8CD3393}.Release|Any CPU.ActiveCfg = Release|Any CPU
		{24381887-174D-4B55-9C89-E11FF8CD3393}.Release|Any CPU.Build.0 = Release|Any CPU
		{6195A7DD-D0DD-42C7-9ED1-0858C14289BB}.Debug|Any CPU.ActiveCfg = Debug|Any CPU
		{6195A7DD-D0DD-42C7-9ED1-0858C14289BB}.Debug|Any CPU.Build.0 = Debug|Any CPU
		{6195A7DD-D0DD-42C7-9ED1-0858C14289BB}.Release|Any CPU.ActiveCfg = Release|Any CPU
		{6195A7DD-D0DD-42C7-9ED1-0858C14289BB}.Release|Any CPU.Build.0 = Release|Any CPU
		{E08A00CC-8810-47B9-8EF6-BE81C4C6F034}.Debug|Any CPU.ActiveCfg = Debug|Any CPU
		{E08A00CC-8810-47B9-8EF6-BE81C4C6F034}.Debug|Any CPU.Build.0 = Debug|Any CPU
		{E08A00CC-8810-47B9-8EF6-BE81C4C6F034}.Release|Any CPU.ActiveCfg = Release|Any CPU
		{E08A00CC-8810-47B9-8EF6-BE81C4C6F034}.Release|Any CPU.Build.0 = Release|Any CPU
		{C7C51965-8EB5-4B84-BAC9-07EF056AF2B0}.Debug|Any CPU.ActiveCfg = Debug|Any CPU
		{C7C51965-8EB5-4B84-BAC9-07EF056AF2B0}.Debug|Any CPU.Build.0 = Debug|Any CPU
		{C7C51965-8EB5-4B84-BAC9-07EF056AF2B0}.Release|Any CPU.ActiveCfg = Release|Any CPU
		{C7C51965-8EB5-4B84-BAC9-07EF056AF2B0}.Release|Any CPU.Build.0 = Release|Any CPU
		{9D42507F-8979-4069-B540-4DF05C6265EC}.Debug|Any CPU.ActiveCfg = Debug|Any CPU
		{9D42507F-8979-4069-B540-4DF05C6265EC}.Debug|Any CPU.Build.0 = Debug|Any CPU
		{9D42507F-8979-4069-B540-4DF05C6265EC}.Release|Any CPU.ActiveCfg = Release|Any CPU
		{9D42507F-8979-4069-B540-4DF05C6265EC}.Release|Any CPU.Build.0 = Release|Any CPU
		{3187DC98-DEEC-47FD-818E-FF2A2DC542AA}.Debug|Any CPU.ActiveCfg = Debug|Any CPU
		{3187DC98-DEEC-47FD-818E-FF2A2DC542AA}.Debug|Any CPU.Build.0 = Debug|Any CPU
		{3187DC98-DEEC-47FD-818E-FF2A2DC542AA}.Release|Any CPU.ActiveCfg = Release|Any CPU
		{3187DC98-DEEC-47FD-818E-FF2A2DC542AA}.Release|Any CPU.Build.0 = Release|Any CPU
		{3F5F1C4D-3325-4C57-98F9-E29CE96C5AD2}.Debug|Any CPU.ActiveCfg = Debug|Any CPU
		{3F5F1C4D-3325-4C57-98F9-E29CE96C5AD2}.Debug|Any CPU.Build.0 = Debug|Any CPU
		{3F5F1C4D-3325-4C57-98F9-E29CE96C5AD2}.Release|Any CPU.ActiveCfg = Release|Any CPU
		{3F5F1C4D-3325-4C57-98F9-E29CE96C5AD2}.Release|Any CPU.Build.0 = Release|Any CPU
	EndGlobalSection
	GlobalSection(SolutionProperties) = preSolution
		HideSolutionNode = FALSE
	EndGlobalSection
	GlobalSection(NestedProjects) = preSolution
		{5ADEECCC-2A21-41F7-9584-216E9F07ACE4} = {044F97C6-18C6-43D8-9918-FEA628A75BEA}
		{1E041951-B1F7-4B0D-8689-335EB1688796} = {044F97C6-18C6-43D8-9918-FEA628A75BEA}
		{D561F3E2-94C8-48AD-A553-B7526B462B4A} = {044F97C6-18C6-43D8-9918-FEA628A75BEA}
		{DF60B945-ABBB-40BC-8D7E-CA45DC4BC7BE} = {FCAE8EBA-9804-45B4-ABEC-25ECD5533DD9}
		{EB4C6E2A-CECE-4FB5-92E8-939A25728A67} = {FCAE8EBA-9804-45B4-ABEC-25ECD5533DD9}
		{836B9404-6958-48FE-B6F5-072363A3D26C} = {FCAE8EBA-9804-45B4-ABEC-25ECD5533DD9}
		{238BDFA4-F5B0-4794-BA2D-45357B30EAE9} = {FCAE8EBA-9804-45B4-ABEC-25ECD5533DD9}
		{68F1C35F-BAEC-47E2-87C3-1AAC01083540} = {FCAE8EBA-9804-45B4-ABEC-25ECD5533DD9}
		{D4680C91-968A-46A1-BEF1-79D9098F52D5} = {FCAE8EBA-9804-45B4-ABEC-25ECD5533DD9}
		{70992BDA-28C0-45E4-8269-8A393F64B1A2} = {FCAE8EBA-9804-45B4-ABEC-25ECD5533DD9}
		{C57E526A-8F76-442A-96CA-3787704EC53A} = {FCAE8EBA-9804-45B4-ABEC-25ECD5533DD9}
		{44DB43AC-8908-418B-AC6D-CE1CCF1EBA70} = {FCAE8EBA-9804-45B4-ABEC-25ECD5533DD9}
		{0F4F35BC-4580-465A-A8E3-E223202F00DA} = {FCAE8EBA-9804-45B4-ABEC-25ECD5533DD9}
		{4B6658D7-CED6-4147-819D-BEE04E3C3A81} = {5471CCD6-0651-4D8F-81BA-DA053E89627F}
		{318FEE6E-421B-431B-8AAF-17ADB465C30B} = {5471CCD6-0651-4D8F-81BA-DA053E89627F}
		{24381887-174D-4B55-9C89-E11FF8CD3393} = {5471CCD6-0651-4D8F-81BA-DA053E89627F}
		{6195A7DD-D0DD-42C7-9ED1-0858C14289BB} = {5471CCD6-0651-4D8F-81BA-DA053E89627F}
		{E08A00CC-8810-47B9-8EF6-BE81C4C6F034} = {5471CCD6-0651-4D8F-81BA-DA053E89627F}
		{C7C51965-8EB5-4B84-BAC9-07EF056AF2B0} = {5471CCD6-0651-4D8F-81BA-DA053E89627F}
		{9D42507F-8979-4069-B540-4DF05C6265EC} = {5471CCD6-0651-4D8F-81BA-DA053E89627F}
		{3187DC98-DEEC-47FD-818E-FF2A2DC542AA} = {044F97C6-18C6-43D8-9918-FEA628A75BEA}
		{3F5F1C4D-3325-4C57-98F9-E29CE96C5AD2} = {044F97C6-18C6-43D8-9918-FEA628A75BEA}
	EndGlobalSection
	GlobalSection(ExtensibilityGlobals) = postSolution
		SolutionGuid = {767FF449-E4D0-40EF-9D6C-1D82E8510BE9}
	EndGlobalSection
EndGlobal
